// !$*UTF8*$!
{
	archiveVersion = 1;
	classes = {
	};
	objectVersion = 51;
	objects = {

/* Begin PBXBuildFile section */
		242A312A2639482900BCC87C /* AppDelegate.swift in Sources */ = {isa = PBXBuildFile; fileRef = 242A31292639482900BCC87C /* AppDelegate.swift */; };
		242A312C2639482900BCC87C /* SceneDelegate.swift in Sources */ = {isa = PBXBuildFile; fileRef = 242A312B2639482900BCC87C /* SceneDelegate.swift */; };
		242A312E2639482900BCC87C /* ViewController.swift in Sources */ = {isa = PBXBuildFile; fileRef = 242A312D2639482900BCC87C /* ViewController.swift */; };
		242A31312639482900BCC87C /* Main.storyboard in Resources */ = {isa = PBXBuildFile; fileRef = 242A312F2639482900BCC87C /* Main.storyboard */; };
		242A31332639482A00BCC87C /* Assets.xcassets in Resources */ = {isa = PBXBuildFile; fileRef = 242A31322639482A00BCC87C /* Assets.xcassets */; };
		242A31362639482A00BCC87C /* LaunchScreen.storyboard in Resources */ = {isa = PBXBuildFile; fileRef = 242A31342639482A00BCC87C /* LaunchScreen.storyboard */; };
		242A314926394BB100BCC87C /* view.swift in Sources */ = {isa = PBXBuildFile; fileRef = 242A314826394BB100BCC87C /* view.swift */; };
		242A314D26394BBA00BCC87C /* extension.swift in Sources */ = {isa = PBXBuildFile; fileRef = 242A314C26394BBA00BCC87C /* extension.swift */; };
		242A315026394BC300BCC87C /* cell.swift in Sources */ = {isa = PBXBuildFile; fileRef = 242A314F26394BC300BCC87C /* cell.swift */; };
		242A315326394BCB00BCC87C /* apiservices.swift in Sources */ = {isa = PBXBuildFile; fileRef = 242A315226394BCB00BCC87C /* apiservices.swift */; };
		242A315626394BD400BCC87C /* apimodel.swift in Sources */ = {isa = PBXBuildFile; fileRef = 242A315526394BD400BCC87C /* apimodel.swift */; };
		2459ABEC2639B440009E3A82 /* Colors.xcassets in Resources */ = {isa = PBXBuildFile; fileRef = 2459ABEB2639B440009E3A82 /* Colors.xcassets */; };
		8B56229E3B65F1E7002C6057 /* Pods_Moai_iOS.framework in Frameworks */ = {isa = PBXBuildFile; fileRef = 5B0F0D8E38431363094CB1BA /* Pods_Moai_iOS.framework */; };
/* End PBXBuildFile section */

/* Begin PBXFileReference section */
		242A31262639482900BCC87C /* Moai_iOS.app */ = {isa = PBXFileReference; explicitFileType = wrapper.application; includeInIndex = 0; path = Moai_iOS.app; sourceTree = BUILT_PRODUCTS_DIR; };
		242A31292639482900BCC87C /* AppDelegate.swift */ = {isa = PBXFileReference; lastKnownFileType = sourcecode.swift; path = AppDelegate.swift; sourceTree = "<group>"; };
		242A312B2639482900BCC87C /* SceneDelegate.swift */ = {isa = PBXFileReference; lastKnownFileType = sourcecode.swift; path = SceneDelegate.swift; sourceTree = "<group>"; };
		242A312D2639482900BCC87C /* ViewController.swift */ = {isa = PBXFileReference; lastKnownFileType = sourcecode.swift; path = ViewController.swift; sourceTree = "<group>"; };
		242A31302639482900BCC87C /* Base */ = {isa = PBXFileReference; lastKnownFileType = file.storyboard; name = Base; path = Base.lproj/Main.storyboard; sourceTree = "<group>"; };
		242A31322639482A00BCC87C /* Assets.xcassets */ = {isa = PBXFileReference; lastKnownFileType = folder.assetcatalog; path = Assets.xcassets; sourceTree = "<group>"; };
		242A31352639482A00BCC87C /* Base */ = {isa = PBXFileReference; lastKnownFileType = file.storyboard; name = Base; path = Base.lproj/LaunchScreen.storyboard; sourceTree = "<group>"; };
		242A31372639482A00BCC87C /* Info.plist */ = {isa = PBXFileReference; lastKnownFileType = text.plist.xml; path = Info.plist; sourceTree = "<group>"; };
		242A314826394BB100BCC87C /* view.swift */ = {isa = PBXFileReference; lastKnownFileType = sourcecode.swift; path = view.swift; sourceTree = "<group>"; };
		242A314C26394BBA00BCC87C /* extension.swift */ = {isa = PBXFileReference; lastKnownFileType = sourcecode.swift; path = extension.swift; sourceTree = "<group>"; };
		242A314F26394BC300BCC87C /* cell.swift */ = {isa = PBXFileReference; lastKnownFileType = sourcecode.swift; path = cell.swift; sourceTree = "<group>"; };
		242A315226394BCB00BCC87C /* apiservices.swift */ = {isa = PBXFileReference; lastKnownFileType = sourcecode.swift; path = apiservices.swift; sourceTree = "<group>"; };
		242A315526394BD400BCC87C /* apimodel.swift */ = {isa = PBXFileReference; lastKnownFileType = sourcecode.swift; path = apimodel.swift; sourceTree = "<group>"; };
		2459ABEB2639B440009E3A82 /* Colors.xcassets */ = {isa = PBXFileReference; lastKnownFileType = folder.assetcatalog; path = Colors.xcassets; sourceTree = "<group>"; };
		5B0F0D8E38431363094CB1BA /* Pods_Moai_iOS.framework */ = {isa = PBXFileReference; explicitFileType = wrapper.framework; includeInIndex = 0; path = Pods_Moai_iOS.framework; sourceTree = BUILT_PRODUCTS_DIR; };
		99F6CF31E25082E4447645BE /* Pods-Moai_iOS.release.xcconfig */ = {isa = PBXFileReference; includeInIndex = 1; lastKnownFileType = text.xcconfig; name = "Pods-Moai_iOS.release.xcconfig"; path = "Target Support Files/Pods-Moai_iOS/Pods-Moai_iOS.release.xcconfig"; sourceTree = "<group>"; };
		C500E7C89DAA198CAEA182CC /* Pods-Moai_iOS.debug.xcconfig */ = {isa = PBXFileReference; includeInIndex = 1; lastKnownFileType = text.xcconfig; name = "Pods-Moai_iOS.debug.xcconfig"; path = "Target Support Files/Pods-Moai_iOS/Pods-Moai_iOS.debug.xcconfig"; sourceTree = "<group>"; };
/* End PBXFileReference section */

/* Begin PBXFrameworksBuildPhase section */
		242A31232639482900BCC87C /* Frameworks */ = {
			isa = PBXFrameworksBuildPhase;
			buildActionMask = 2147483647;
			files = (
				8B56229E3B65F1E7002C6057 /* Pods_Moai_iOS.framework in Frameworks */,
			);
			runOnlyForDeploymentPostprocessing = 0;
		};
/* End PBXFrameworksBuildPhase section */

/* Begin PBXGroup section */
		242A311D2639482900BCC87C = {
			isa = PBXGroup;
			children = (
				242A31282639482900BCC87C /* Moai_iOS */,
				242A31272639482900BCC87C /* Products */,
				3E7C69C006862899EAF1870E /* Pods */,
				EC7315F07948F54BF63737A3 /* Frameworks */,
			);
			sourceTree = "<group>";
		};
		242A31272639482900BCC87C /* Products */ = {
			isa = PBXGroup;
			children = (
				242A31262639482900BCC87C /* Moai_iOS.app */,
			);
			name = Products;
			sourceTree = "<group>";
		};
		242A31282639482900BCC87C /* Moai_iOS */ = {
			isa = PBXGroup;
			children = (
				242A313F26394A1300BCC87C /* Sources */,
				242A313E26394A0800BCC87C /* Resources */,
				242A31292639482900BCC87C /* AppDelegate.swift */,
				242A312B2639482900BCC87C /* SceneDelegate.swift */,
			);
			path = Moai_iOS;
			sourceTree = "<group>";
		};
		242A313E26394A0800BCC87C /* Resources */ = {
			isa = PBXGroup;
			children = (
				2459ABEB2639B440009E3A82 /* Colors.xcassets */,
				242A31322639482A00BCC87C /* Assets.xcassets */,
				242A31372639482A00BCC87C /* Info.plist */,
				242A314126394AC500BCC87C /* Storyboards */,
				242A314026394ABF00BCC87C /* Constants */,
			);
			path = Resources;
			sourceTree = "<group>";
		};
		242A313F26394A1300BCC87C /* Sources */ = {
			isa = PBXGroup;
			children = (
				242A314726394B2B00BCC87C /* ViewControllers */,
				242A314626394B2600BCC87C /* View */,
				242A314526394B1B00BCC87C /* Extensions */,
				242A314426394B1600BCC87C /* Cells */,
				242A314326394B0E00BCC87C /* APIServices */,
				242A314226394B0700BCC87C /* APIModels */,
			);
			path = Sources;
			sourceTree = "<group>";
		};
		242A314026394ABF00BCC87C /* Constants */ = {
			isa = PBXGroup;
			children = (
			);
			path = Constants;
			sourceTree = "<group>";
		};
		242A314126394AC500BCC87C /* Storyboards */ = {
			isa = PBXGroup;
			children = (
				242A312F2639482900BCC87C /* Main.storyboard */,
				242A31342639482A00BCC87C /* LaunchScreen.storyboard */,
			);
			path = Storyboards;
			sourceTree = "<group>";
		};
		242A314226394B0700BCC87C /* APIModels */ = {
			isa = PBXGroup;
			children = (
				242A315526394BD400BCC87C /* apimodel.swift */,
			);
			path = APIModels;
			sourceTree = "<group>";
		};
		242A314326394B0E00BCC87C /* APIServices */ = {
			isa = PBXGroup;
			children = (
				242A315226394BCB00BCC87C /* apiservices.swift */,
			);
			path = APIServices;
			sourceTree = "<group>";
		};
		242A314426394B1600BCC87C /* Cells */ = {
			isa = PBXGroup;
			children = (
				242A314F26394BC300BCC87C /* cell.swift */,
			);
			path = Cells;
			sourceTree = "<group>";
		};
		242A314526394B1B00BCC87C /* Extensions */ = {
			isa = PBXGroup;
			children = (
				242A314C26394BBA00BCC87C /* extension.swift */,
			);
			path = Extensions;
			sourceTree = "<group>";
		};
		242A314626394B2600BCC87C /* View */ = {
			isa = PBXGroup;
			children = (
				242A314826394BB100BCC87C /* view.swift */,
			);
			path = View;
			sourceTree = "<group>";
		};
		242A314726394B2B00BCC87C /* ViewControllers */ = {
			isa = PBXGroup;
			children = (
				242A312D2639482900BCC87C /* ViewController.swift */,
			);
			path = ViewControllers;
			sourceTree = "<group>";
		};
		3E7C69C006862899EAF1870E /* Pods */ = {
			isa = PBXGroup;
			children = (
				C500E7C89DAA198CAEA182CC /* Pods-Moai_iOS.debug.xcconfig */,
				99F6CF31E25082E4447645BE /* Pods-Moai_iOS.release.xcconfig */,
			);
			path = Pods;
			sourceTree = "<group>";
		};
		EC7315F07948F54BF63737A3 /* Frameworks */ = {
			isa = PBXGroup;
			children = (
				5B0F0D8E38431363094CB1BA /* Pods_Moai_iOS.framework */,
			);
			name = Frameworks;
			sourceTree = "<group>";
		};
/* End PBXGroup section */

/* Begin PBXNativeTarget section */
		242A31252639482900BCC87C /* Moai_iOS */ = {
			isa = PBXNativeTarget;
			buildConfigurationList = 242A313A2639482A00BCC87C /* Build configuration list for PBXNativeTarget "Moai_iOS" */;
			buildPhases = (
				AF6669ADE470362397784B7F /* [CP] Check Pods Manifest.lock */,
				242A31222639482900BCC87C /* Sources */,
				242A31232639482900BCC87C /* Frameworks */,
				242A31242639482900BCC87C /* Resources */,
				E2B76E15403949878C3C8450 /* [CP] Embed Pods Frameworks */,
			);
			buildRules = (
			);
			dependencies = (
			);
			name = Moai_iOS;
			productName = Moai_iOS;
			productReference = 242A31262639482900BCC87C /* Moai_iOS.app */;
			productType = "com.apple.product-type.application";
		};
/* End PBXNativeTarget section */

/* Begin PBXProject section */
		242A311E2639482900BCC87C /* Project object */ = {
			isa = PBXProject;
			attributes = {
				LastSwiftUpdateCheck = 1240;
				LastUpgradeCheck = 1240;
				TargetAttributes = {
					242A31252639482900BCC87C = {
						CreatedOnToolsVersion = 12.4;
					};
				};
			};
			buildConfigurationList = 242A31212639482900BCC87C /* Build configuration list for PBXProject "Moai_iOS" */;
			compatibilityVersion = "Xcode 9.3";
			developmentRegion = en;
			hasScannedForEncodings = 0;
			knownRegions = (
				en,
				Base,
			);
			mainGroup = 242A311D2639482900BCC87C;
			productRefGroup = 242A31272639482900BCC87C /* Products */;
			projectDirPath = "";
			projectRoot = "";
			targets = (
				242A31252639482900BCC87C /* Moai_iOS */,
			);
		};
/* End PBXProject section */

/* Begin PBXResourcesBuildPhase section */
		242A31242639482900BCC87C /* Resources */ = {
			isa = PBXResourcesBuildPhase;
			buildActionMask = 2147483647;
			files = (
				2459ABEC2639B440009E3A82 /* Colors.xcassets in Resources */,
				242A31362639482A00BCC87C /* LaunchScreen.storyboard in Resources */,
				242A31332639482A00BCC87C /* Assets.xcassets in Resources */,
				242A31312639482900BCC87C /* Main.storyboard in Resources */,
			);
			runOnlyForDeploymentPostprocessing = 0;
		};
/* End PBXResourcesBuildPhase section */

/* Begin PBXShellScriptBuildPhase section */
		AF6669ADE470362397784B7F /* [CP] Check Pods Manifest.lock */ = {
			isa = PBXShellScriptBuildPhase;
			buildActionMask = 2147483647;
			files = (
			);
			inputFileListPaths = (
			);
			inputPaths = (
				"${PODS_PODFILE_DIR_PATH}/Podfile.lock",
				"${PODS_ROOT}/Manifest.lock",
			);
			name = "[CP] Check Pods Manifest.lock";
			outputFileListPaths = (
			);
			outputPaths = (
				"$(DERIVED_FILE_DIR)/Pods-Moai_iOS-checkManifestLockResult.txt",
			);
			runOnlyForDeploymentPostprocessing = 0;
			shellPath = /bin/sh;
			shellScript = "diff \"${PODS_PODFILE_DIR_PATH}/Podfile.lock\" \"${PODS_ROOT}/Manifest.lock\" > /dev/null\nif [ $? != 0 ] ; then\n    # print error to STDERR\n    echo \"error: The sandbox is not in sync with the Podfile.lock. Run 'pod install' or update your CocoaPods installation.\" >&2\n    exit 1\nfi\n# This output is used by Xcode 'outputs' to avoid re-running this script phase.\necho \"SUCCESS\" > \"${SCRIPT_OUTPUT_FILE_0}\"\n";
			showEnvVarsInLog = 0;
		};
		E2B76E15403949878C3C8450 /* [CP] Embed Pods Frameworks */ = {
			isa = PBXShellScriptBuildPhase;
			buildActionMask = 2147483647;
			files = (
			);
			inputFileListPaths = (
				"${PODS_ROOT}/Target Support Files/Pods-Moai_iOS/Pods-Moai_iOS-frameworks-${CONFIGURATION}-input-files.xcfilelist",
			);
			name = "[CP] Embed Pods Frameworks";
			outputFileListPaths = (
				"${PODS_ROOT}/Target Support Files/Pods-Moai_iOS/Pods-Moai_iOS-frameworks-${CONFIGURATION}-output-files.xcfilelist",
			);
			runOnlyForDeploymentPostprocessing = 0;
			shellPath = /bin/sh;
			shellScript = "\"${PODS_ROOT}/Target Support Files/Pods-Moai_iOS/Pods-Moai_iOS-frameworks.sh\"\n";
			showEnvVarsInLog = 0;
		};
/* End PBXShellScriptBuildPhase section */

/* Begin PBXSourcesBuildPhase section */
		242A31222639482900BCC87C /* Sources */ = {
			isa = PBXSourcesBuildPhase;
			buildActionMask = 2147483647;
			files = (
				242A314926394BB100BCC87C /* view.swift in Sources */,
				242A315026394BC300BCC87C /* cell.swift in Sources */,
				242A312E2639482900BCC87C /* ViewController.swift in Sources */,
				242A315326394BCB00BCC87C /* apiservices.swift in Sources */,
				242A315626394BD400BCC87C /* apimodel.swift in Sources */,
				242A312A2639482900BCC87C /* AppDelegate.swift in Sources */,
				242A314D26394BBA00BCC87C /* extension.swift in Sources */,
				242A312C2639482900BCC87C /* SceneDelegate.swift in Sources */,
			);
			runOnlyForDeploymentPostprocessing = 0;
		};
/* End PBXSourcesBuildPhase section */

/* Begin PBXVariantGroup section */
		242A312F2639482900BCC87C /* Main.storyboard */ = {
			isa = PBXVariantGroup;
			children = (
				242A31302639482900BCC87C /* Base */,
			);
			name = Main.storyboard;
			sourceTree = "<group>";
		};
		242A31342639482A00BCC87C /* LaunchScreen.storyboard */ = {
			isa = PBXVariantGroup;
			children = (
				242A31352639482A00BCC87C /* Base */,
			);
			name = LaunchScreen.storyboard;
			sourceTree = "<group>";
		};
/* End PBXVariantGroup section */

/* Begin XCBuildConfiguration section */
		242A31382639482A00BCC87C /* Debug */ = {
			isa = XCBuildConfiguration;
			buildSettings = {
				ALWAYS_SEARCH_USER_PATHS = NO;
				CLANG_ANALYZER_NONNULL = YES;
				CLANG_ANALYZER_NUMBER_OBJECT_CONVERSION = YES_AGGRESSIVE;
				CLANG_CXX_LANGUAGE_STANDARD = "gnu++14";
				CLANG_CXX_LIBRARY = "libc++";
				CLANG_ENABLE_MODULES = YES;
				CLANG_ENABLE_OBJC_ARC = YES;
				CLANG_ENABLE_OBJC_WEAK = YES;
				CLANG_WARN_BLOCK_CAPTURE_AUTORELEASING = YES;
				CLANG_WARN_BOOL_CONVERSION = YES;
				CLANG_WARN_COMMA = YES;
				CLANG_WARN_CONSTANT_CONVERSION = YES;
				CLANG_WARN_DEPRECATED_OBJC_IMPLEMENTATIONS = YES;
				CLANG_WARN_DIRECT_OBJC_ISA_USAGE = YES_ERROR;
				CLANG_WARN_DOCUMENTATION_COMMENTS = YES;
				CLANG_WARN_EMPTY_BODY = YES;
				CLANG_WARN_ENUM_CONVERSION = YES;
				CLANG_WARN_INFINITE_RECURSION = YES;
				CLANG_WARN_INT_CONVERSION = YES;
				CLANG_WARN_NON_LITERAL_NULL_CONVERSION = YES;
				CLANG_WARN_OBJC_IMPLICIT_RETAIN_SELF = YES;
				CLANG_WARN_OBJC_LITERAL_CONVERSION = YES;
				CLANG_WARN_OBJC_ROOT_CLASS = YES_ERROR;
				CLANG_WARN_QUOTED_INCLUDE_IN_FRAMEWORK_HEADER = YES;
				CLANG_WARN_RANGE_LOOP_ANALYSIS = YES;
				CLANG_WARN_STRICT_PROTOTYPES = YES;
				CLANG_WARN_SUSPICIOUS_MOVE = YES;
				CLANG_WARN_UNGUARDED_AVAILABILITY = YES_AGGRESSIVE;
				CLANG_WARN_UNREACHABLE_CODE = YES;
				CLANG_WARN__DUPLICATE_METHOD_MATCH = YES;
				COPY_PHASE_STRIP = NO;
				DEBUG_INFORMATION_FORMAT = dwarf;
				ENABLE_STRICT_OBJC_MSGSEND = YES;
				ENABLE_TESTABILITY = YES;
				GCC_C_LANGUAGE_STANDARD = gnu11;
				GCC_DYNAMIC_NO_PIC = NO;
				GCC_NO_COMMON_BLOCKS = YES;
				GCC_OPTIMIZATION_LEVEL = 0;
				GCC_PREPROCESSOR_DEFINITIONS = (
					"DEBUG=1",
					"$(inherited)",
				);
				GCC_WARN_64_TO_32_BIT_CONVERSION = YES;
				GCC_WARN_ABOUT_RETURN_TYPE = YES_ERROR;
				GCC_WARN_UNDECLARED_SELECTOR = YES;
				GCC_WARN_UNINITIALIZED_AUTOS = YES_AGGRESSIVE;
				GCC_WARN_UNUSED_FUNCTION = YES;
				GCC_WARN_UNUSED_VARIABLE = YES;
				IPHONEOS_DEPLOYMENT_TARGET = 14.4;
				MTL_ENABLE_DEBUG_INFO = INCLUDE_SOURCE;
				MTL_FAST_MATH = YES;
				ONLY_ACTIVE_ARCH = YES;
				SDKROOT = iphoneos;
				SWIFT_ACTIVE_COMPILATION_CONDITIONS = DEBUG;
				SWIFT_OPTIMIZATION_LEVEL = "-Onone";
			};
			name = Debug;
		};
		242A31392639482A00BCC87C /* Release */ = {
			isa = XCBuildConfiguration;
			buildSettings = {
				ALWAYS_SEARCH_USER_PATHS = NO;
				CLANG_ANALYZER_NONNULL = YES;
				CLANG_ANALYZER_NUMBER_OBJECT_CONVERSION = YES_AGGRESSIVE;
				CLANG_CXX_LANGUAGE_STANDARD = "gnu++14";
				CLANG_CXX_LIBRARY = "libc++";
				CLANG_ENABLE_MODULES = YES;
				CLANG_ENABLE_OBJC_ARC = YES;
				CLANG_ENABLE_OBJC_WEAK = YES;
				CLANG_WARN_BLOCK_CAPTURE_AUTORELEASING = YES;
				CLANG_WARN_BOOL_CONVERSION = YES;
				CLANG_WARN_COMMA = YES;
				CLANG_WARN_CONSTANT_CONVERSION = YES;
				CLANG_WARN_DEPRECATED_OBJC_IMPLEMENTATIONS = YES;
				CLANG_WARN_DIRECT_OBJC_ISA_USAGE = YES_ERROR;
				CLANG_WARN_DOCUMENTATION_COMMENTS = YES;
				CLANG_WARN_EMPTY_BODY = YES;
				CLANG_WARN_ENUM_CONVERSION = YES;
				CLANG_WARN_INFINITE_RECURSION = YES;
				CLANG_WARN_INT_CONVERSION = YES;
				CLANG_WARN_NON_LITERAL_NULL_CONVERSION = YES;
				CLANG_WARN_OBJC_IMPLICIT_RETAIN_SELF = YES;
				CLANG_WARN_OBJC_LITERAL_CONVERSION = YES;
				CLANG_WARN_OBJC_ROOT_CLASS = YES_ERROR;
				CLANG_WARN_QUOTED_INCLUDE_IN_FRAMEWORK_HEADER = YES;
				CLANG_WARN_RANGE_LOOP_ANALYSIS = YES;
				CLANG_WARN_STRICT_PROTOTYPES = YES;
				CLANG_WARN_SUSPICIOUS_MOVE = YES;
				CLANG_WARN_UNGUARDED_AVAILABILITY = YES_AGGRESSIVE;
				CLANG_WARN_UNREACHABLE_CODE = YES;
				CLANG_WARN__DUPLICATE_METHOD_MATCH = YES;
				COPY_PHASE_STRIP = NO;
				DEBUG_INFORMATION_FORMAT = "dwarf-with-dsym";
				ENABLE_NS_ASSERTIONS = NO;
				ENABLE_STRICT_OBJC_MSGSEND = YES;
				GCC_C_LANGUAGE_STANDARD = gnu11;
				GCC_NO_COMMON_BLOCKS = YES;
				GCC_WARN_64_TO_32_BIT_CONVERSION = YES;
				GCC_WARN_ABOUT_RETURN_TYPE = YES_ERROR;
				GCC_WARN_UNDECLARED_SELECTOR = YES;
				GCC_WARN_UNINITIALIZED_AUTOS = YES_AGGRESSIVE;
				GCC_WARN_UNUSED_FUNCTION = YES;
				GCC_WARN_UNUSED_VARIABLE = YES;
				IPHONEOS_DEPLOYMENT_TARGET = 14.4;
				MTL_ENABLE_DEBUG_INFO = NO;
				MTL_FAST_MATH = YES;
				SDKROOT = iphoneos;
				SWIFT_COMPILATION_MODE = wholemodule;
				SWIFT_OPTIMIZATION_LEVEL = "-O";
				VALIDATE_PRODUCT = YES;
			};
			name = Release;
		};
		242A313B2639482A00BCC87C /* Debug */ = {
			isa = XCBuildConfiguration;
			baseConfigurationReference = C500E7C89DAA198CAEA182CC /* Pods-Moai_iOS.debug.xcconfig */;
			buildSettings = {
				ASSETCATALOG_COMPILER_APPICON_NAME = AppIcon;
				ASSETCATALOG_COMPILER_GLOBAL_ACCENT_COLOR_NAME = AccentColor;
				CODE_SIGN_STYLE = Automatic;
				INFOPLIST_FILE = Moai_iOS/Info.plist;
				LD_RUNPATH_SEARCH_PATHS = (
					"$(inherited)",
					"@executable_path/Frameworks",
				);
				PRODUCT_BUNDLE_IDENTIFIER = "Moai.Moai-iOS";
				PRODUCT_NAME = "$(TARGET_NAME)";
				SWIFT_VERSION = 5.0;
				TARGETED_DEVICE_FAMILY = "1,2";
			};
			name = Debug;
		};
		242A313C2639482A00BCC87C /* Release */ = {
			isa = XCBuildConfiguration;
			baseConfigurationReference = 99F6CF31E25082E4447645BE /* Pods-Moai_iOS.release.xcconfig */;
			buildSettings = {
				ASSETCATALOG_COMPILER_APPICON_NAME = AppIcon;
				ASSETCATALOG_COMPILER_GLOBAL_ACCENT_COLOR_NAME = AccentColor;
				CODE_SIGN_STYLE = Automatic;
				INFOPLIST_FILE = Moai_iOS/Info.plist;
				LD_RUNPATH_SEARCH_PATHS = (
					"$(inherited)",
					"@executable_path/Frameworks",
				);
				PRODUCT_BUNDLE_IDENTIFIER = "Moai.Moai-iOS";
				PRODUCT_NAME = "$(TARGET_NAME)";
				SWIFT_VERSION = 5.0;
				TARGETED_DEVICE_FAMILY = "1,2";
			};
			name = Release;
		};
/* End XCBuildConfiguration section */

/* Begin XCConfigurationList section */
		242A31212639482900BCC87C /* Build configuration list for PBXProject "Moai_iOS" */ = {
			isa = XCConfigurationList;
			buildConfigurations = (
				242A31382639482A00BCC87C /* Debug */,
				242A31392639482A00BCC87C /* Release */,
			);
			defaultConfigurationIsVisible = 0;
			defaultConfigurationName = Release;
		};
		242A313A2639482A00BCC87C /* Build configuration list for PBXNativeTarget "Moai_iOS" */ = {
			isa = XCConfigurationList;
			buildConfigurations = (
				242A313B2639482A00BCC87C /* Debug */,
				242A313C2639482A00BCC87C /* Release */,
			);
			defaultConfigurationIsVisible = 0;
			defaultConfigurationName = Release;
		};
/* End XCConfigurationList section */
	};
	rootObject = 242A311E2639482900BCC87C /* Project object */;
}
