// !$*UTF8*$!
{
	archiveVersion = 1;
	classes = {
	};
	objectVersion = 51;
	objects = {

/* Begin PBXBuildFile section */
		24276F57263D3D9B002B4AB9 /* ReserveProceedingViewController.swift in Sources */ = {isa = PBXBuildFile; fileRef = 24276F56263D3D9B002B4AB9 /* ReserveProceedingViewController.swift */; };
		24276F5A263D3DA5002B4AB9 /* ReceivedViewController.swift in Sources */ = {isa = PBXBuildFile; fileRef = 24276F59263D3DA5002B4AB9 /* ReceivedViewController.swift */; };
		242A312A2639482900BCC87C /* AppDelegate.swift in Sources */ = {isa = PBXBuildFile; fileRef = 242A31292639482900BCC87C /* AppDelegate.swift */; };
		242A312C2639482900BCC87C /* SceneDelegate.swift in Sources */ = {isa = PBXBuildFile; fileRef = 242A312B2639482900BCC87C /* SceneDelegate.swift */; };
		242A312E2639482900BCC87C /* ViewController.swift in Sources */ = {isa = PBXBuildFile; fileRef = 242A312D2639482900BCC87C /* ViewController.swift */; };
		242A31312639482900BCC87C /* Main.storyboard in Resources */ = {isa = PBXBuildFile; fileRef = 242A312F2639482900BCC87C /* Main.storyboard */; };
		242A31332639482A00BCC87C /* Assets.xcassets in Resources */ = {isa = PBXBuildFile; fileRef = 242A31322639482A00BCC87C /* Assets.xcassets */; };
		242A31362639482A00BCC87C /* LaunchScreen.storyboard in Resources */ = {isa = PBXBuildFile; fileRef = 242A31342639482A00BCC87C /* LaunchScreen.storyboard */; };
		242A314926394BB100BCC87C /* view.swift in Sources */ = {isa = PBXBuildFile; fileRef = 242A314826394BB100BCC87C /* view.swift */; };
		242A315326394BCB00BCC87C /* apiservices.swift in Sources */ = {isa = PBXBuildFile; fileRef = 242A315226394BCB00BCC87C /* apiservices.swift */; };
		242A315626394BD400BCC87C /* apimodel.swift in Sources */ = {isa = PBXBuildFile; fileRef = 242A315526394BD400BCC87C /* apimodel.swift */; };
		2449DEDE263D454C004CC0C4 /* MyTown.storyboard in Resources */ = {isa = PBXBuildFile; fileRef = 2449DEDD263D454C004CC0C4 /* MyTown.storyboard */; };
		2449DEE1263D4556004CC0C4 /* MyPage.storyboard in Resources */ = {isa = PBXBuildFile; fileRef = 2449DEE0263D4556004CC0C4 /* MyPage.storyboard */; };
		2449DEE4263D4585004CC0C4 /* MyTownViewController.swift in Sources */ = {isa = PBXBuildFile; fileRef = 2449DEE3263D4585004CC0C4 /* MyTownViewController.swift */; };
		2449DEE7263D4591004CC0C4 /* MyPageViewController.swift in Sources */ = {isa = PBXBuildFile; fileRef = 2449DEE6263D4591004CC0C4 /* MyPageViewController.swift */; };
		2459ABEC2639B440009E3A82 /* Colors.xcassets in Resources */ = {isa = PBXBuildFile; fileRef = 2459ABEB2639B440009E3A82 /* Colors.xcassets */; };
		2459ABF22639B810009E3A82 /* Home.storyboard in Resources */ = {isa = PBXBuildFile; fileRef = 2459ABF12639B810009E3A82 /* Home.storyboard */; };
		2459ABF52639B81B009E3A82 /* HomeViewController.swift in Sources */ = {isa = PBXBuildFile; fileRef = 2459ABF42639B81B009E3A82 /* HomeViewController.swift */; };
		2459ABFC2639BDC6009E3A82 /* HomeCollectionViewCell.swift in Sources */ = {isa = PBXBuildFile; fileRef = 2459ABFA2639BDC6009E3A82 /* HomeCollectionViewCell.swift */; };
		2459ABFD2639BDC6009E3A82 /* HomeCollectionViewCell.xib in Resources */ = {isa = PBXBuildFile; fileRef = 2459ABFB2639BDC6009E3A82 /* HomeCollectionViewCell.xib */; };
		2459AC012639C4DC009E3A82 /* UIColor+Extension.swift in Sources */ = {isa = PBXBuildFile; fileRef = 2459AC002639C4DC009E3A82 /* UIColor+Extension.swift */; };
		2459AC042639C90F009E3A82 /* APPConstants.swift in Sources */ = {isa = PBXBuildFile; fileRef = 2459AC032639C90F009E3A82 /* APPConstants.swift */; };
		24B3E7F3263AAE8F001AF867 /* UIImageView+Extension.swift in Sources */ = {isa = PBXBuildFile; fileRef = 24B3E7F2263AAE8F001AF867 /* UIImageView+Extension.swift */; };
		24B3E801263ACA09001AF867 /* ItemDetail.storyboard in Resources */ = {isa = PBXBuildFile; fileRef = 24B3E800263ACA09001AF867 /* ItemDetail.storyboard */; };
		24B3E804263ACA13001AF867 /* ItemDetailViewController.swift in Sources */ = {isa = PBXBuildFile; fileRef = 24B3E803263ACA13001AF867 /* ItemDetailViewController.swift */; };
		24B3E81E263AF3C6001AF867 /* ImageCollectionViewCell.swift in Sources */ = {isa = PBXBuildFile; fileRef = 24B3E81C263AF3C6001AF867 /* ImageCollectionViewCell.swift */; };
		24B3E81F263AF3C6001AF867 /* ImageCollectionViewCell.xib in Resources */ = {isa = PBXBuildFile; fileRef = 24B3E81D263AF3C6001AF867 /* ImageCollectionViewCell.xib */; };
		24F25744263D098000384542 /* ReserveDetail.storyboard in Resources */ = {isa = PBXBuildFile; fileRef = 24F25743263D098000384542 /* ReserveDetail.storyboard */; };
		24F25747263D099E00384542 /* ReserveDetailViewController.swift in Sources */ = {isa = PBXBuildFile; fileRef = 24F25746263D099E00384542 /* ReserveDetailViewController.swift */; };
		24F2574B263D0C4A00384542 /* CategoryCollectionViewCell.swift in Sources */ = {isa = PBXBuildFile; fileRef = 24F25749263D0C4A00384542 /* CategoryCollectionViewCell.swift */; };
		24F2574C263D0C4A00384542 /* CategoryCollectionViewCell.xib in Resources */ = {isa = PBXBuildFile; fileRef = 24F2574A263D0C4A00384542 /* CategoryCollectionViewCell.xib */; };
		24F25750263D141E00384542 /* ReservedCollectionViewCell.swift in Sources */ = {isa = PBXBuildFile; fileRef = 24F2574E263D141E00384542 /* ReservedCollectionViewCell.swift */; };
		24F25751263D141E00384542 /* ReservedCollectionViewCell.xib in Resources */ = {isa = PBXBuildFile; fileRef = 24F2574F263D141E00384542 /* ReservedCollectionViewCell.xib */; };
		24F25756263D218900384542 /* ReserveHeaderCollectionReusableView.swift in Sources */ = {isa = PBXBuildFile; fileRef = 24F25754263D218900384542 /* ReserveHeaderCollectionReusableView.swift */; };
		24F25757263D218900384542 /* ReserveHeaderCollectionReusableView.xib in Resources */ = {isa = PBXBuildFile; fileRef = 24F25755263D218900384542 /* ReserveHeaderCollectionReusableView.xib */; };
		8B56229E3B65F1E7002C6057 /* Pods_Moai_iOS.framework in Frameworks */ = {isa = PBXBuildFile; fileRef = 5B0F0D8E38431363094CB1BA /* Pods_Moai_iOS.framework */; };
/* End PBXBuildFile section */

/* Begin PBXFileReference section */
		24276F56263D3D9B002B4AB9 /* ReserveProceedingViewController.swift */ = {isa = PBXFileReference; lastKnownFileType = sourcecode.swift; path = ReserveProceedingViewController.swift; sourceTree = "<group>"; };
		24276F59263D3DA5002B4AB9 /* ReceivedViewController.swift */ = {isa = PBXFileReference; lastKnownFileType = sourcecode.swift; path = ReceivedViewController.swift; sourceTree = "<group>"; };
		242A31262639482900BCC87C /* Moai_iOS.app */ = {isa = PBXFileReference; explicitFileType = wrapper.application; includeInIndex = 0; path = Moai_iOS.app; sourceTree = BUILT_PRODUCTS_DIR; };
		242A31292639482900BCC87C /* AppDelegate.swift */ = {isa = PBXFileReference; lastKnownFileType = sourcecode.swift; path = AppDelegate.swift; sourceTree = "<group>"; };
		242A312B2639482900BCC87C /* SceneDelegate.swift */ = {isa = PBXFileReference; lastKnownFileType = sourcecode.swift; path = SceneDelegate.swift; sourceTree = "<group>"; };
		242A312D2639482900BCC87C /* ViewController.swift */ = {isa = PBXFileReference; lastKnownFileType = sourcecode.swift; path = ViewController.swift; sourceTree = "<group>"; };
		242A31302639482900BCC87C /* Base */ = {isa = PBXFileReference; lastKnownFileType = file.storyboard; name = Base; path = Base.lproj/Main.storyboard; sourceTree = "<group>"; };
		242A31322639482A00BCC87C /* Assets.xcassets */ = {isa = PBXFileReference; lastKnownFileType = folder.assetcatalog; path = Assets.xcassets; sourceTree = "<group>"; };
		242A31352639482A00BCC87C /* Base */ = {isa = PBXFileReference; lastKnownFileType = file.storyboard; name = Base; path = Base.lproj/LaunchScreen.storyboard; sourceTree = "<group>"; };
		242A31372639482A00BCC87C /* Info.plist */ = {isa = PBXFileReference; lastKnownFileType = text.plist.xml; path = Info.plist; sourceTree = "<group>"; };
		242A314826394BB100BCC87C /* view.swift */ = {isa = PBXFileReference; lastKnownFileType = sourcecode.swift; path = view.swift; sourceTree = "<group>"; };
		242A315226394BCB00BCC87C /* apiservices.swift */ = {isa = PBXFileReference; lastKnownFileType = sourcecode.swift; path = apiservices.swift; sourceTree = "<group>"; };
		242A315526394BD400BCC87C /* apimodel.swift */ = {isa = PBXFileReference; lastKnownFileType = sourcecode.swift; path = apimodel.swift; sourceTree = "<group>"; };
		2449DEDD263D454C004CC0C4 /* MyTown.storyboard */ = {isa = PBXFileReference; lastKnownFileType = file.storyboard; path = MyTown.storyboard; sourceTree = "<group>"; };
		2449DEE0263D4556004CC0C4 /* MyPage.storyboard */ = {isa = PBXFileReference; lastKnownFileType = file.storyboard; path = MyPage.storyboard; sourceTree = "<group>"; };
		2449DEE3263D4585004CC0C4 /* MyTownViewController.swift */ = {isa = PBXFileReference; lastKnownFileType = sourcecode.swift; path = MyTownViewController.swift; sourceTree = "<group>"; };
		2449DEE6263D4591004CC0C4 /* MyPageViewController.swift */ = {isa = PBXFileReference; lastKnownFileType = sourcecode.swift; path = MyPageViewController.swift; sourceTree = "<group>"; };
		2459ABEB2639B440009E3A82 /* Colors.xcassets */ = {isa = PBXFileReference; lastKnownFileType = folder.assetcatalog; path = Colors.xcassets; sourceTree = "<group>"; };
		2459ABF12639B810009E3A82 /* Home.storyboard */ = {isa = PBXFileReference; lastKnownFileType = file.storyboard; path = Home.storyboard; sourceTree = "<group>"; };
		2459ABF42639B81B009E3A82 /* HomeViewController.swift */ = {isa = PBXFileReference; lastKnownFileType = sourcecode.swift; path = HomeViewController.swift; sourceTree = "<group>"; };
		2459ABFA2639BDC6009E3A82 /* HomeCollectionViewCell.swift */ = {isa = PBXFileReference; lastKnownFileType = sourcecode.swift; path = HomeCollectionViewCell.swift; sourceTree = "<group>"; };
		2459ABFB2639BDC6009E3A82 /* HomeCollectionViewCell.xib */ = {isa = PBXFileReference; lastKnownFileType = file.xib; path = HomeCollectionViewCell.xib; sourceTree = "<group>"; };
		2459AC002639C4DC009E3A82 /* UIColor+Extension.swift */ = {isa = PBXFileReference; lastKnownFileType = sourcecode.swift; path = "UIColor+Extension.swift"; sourceTree = "<group>"; };
		2459AC032639C90F009E3A82 /* APPConstants.swift */ = {isa = PBXFileReference; lastKnownFileType = sourcecode.swift; path = APPConstants.swift; sourceTree = "<group>"; };
		24B3E7F2263AAE8F001AF867 /* UIImageView+Extension.swift */ = {isa = PBXFileReference; lastKnownFileType = sourcecode.swift; path = "UIImageView+Extension.swift"; sourceTree = "<group>"; };
		24B3E800263ACA09001AF867 /* ItemDetail.storyboard */ = {isa = PBXFileReference; lastKnownFileType = file.storyboard; path = ItemDetail.storyboard; sourceTree = "<group>"; };
		24B3E803263ACA13001AF867 /* ItemDetailViewController.swift */ = {isa = PBXFileReference; lastKnownFileType = sourcecode.swift; path = ItemDetailViewController.swift; sourceTree = "<group>"; };
		24B3E80A263AE977001AF867 /* OpenGLES.framework */ = {isa = PBXFileReference; lastKnownFileType = wrapper.framework; name = OpenGLES.framework; path = System/Library/Frameworks/OpenGLES.framework; sourceTree = SDKROOT; };
		24B3E80C263AE983001AF867 /* SystemConfiguration.framework */ = {isa = PBXFileReference; lastKnownFileType = wrapper.framework; name = SystemConfiguration.framework; path = System/Library/Frameworks/SystemConfiguration.framework; sourceTree = SDKROOT; };
		24B3E80E263AE98D001AF867 /* CoreLocation.framework */ = {isa = PBXFileReference; lastKnownFileType = wrapper.framework; name = CoreLocation.framework; path = System/Library/Frameworks/CoreLocation.framework; sourceTree = SDKROOT; };
		24B3E810263AE996001AF867 /* QuartzCore.framework */ = {isa = PBXFileReference; lastKnownFileType = wrapper.framework; name = QuartzCore.framework; path = System/Library/Frameworks/QuartzCore.framework; sourceTree = SDKROOT; };
		24B3E812263AE9A9001AF867 /* libc++.tbd */ = {isa = PBXFileReference; lastKnownFileType = "sourcecode.text-based-dylib-definition"; name = "libc++.tbd"; path = "usr/lib/libc++.tbd"; sourceTree = SDKROOT; };
		24B3E813263AE9B5001AF867 /* libxml2.tbd */ = {isa = PBXFileReference; lastKnownFileType = "sourcecode.text-based-dylib-definition"; name = libxml2.tbd; path = usr/lib/libxml2.tbd; sourceTree = SDKROOT; };
		24B3E814263AE9C0001AF867 /* libsqlite3.tbd */ = {isa = PBXFileReference; lastKnownFileType = "sourcecode.text-based-dylib-definition"; name = libsqlite3.tbd; path = usr/lib/libsqlite3.tbd; sourceTree = SDKROOT; };
		24B3E81C263AF3C6001AF867 /* ImageCollectionViewCell.swift */ = {isa = PBXFileReference; lastKnownFileType = sourcecode.swift; path = ImageCollectionViewCell.swift; sourceTree = "<group>"; };
		24B3E81D263AF3C6001AF867 /* ImageCollectionViewCell.xib */ = {isa = PBXFileReference; lastKnownFileType = file.xib; path = ImageCollectionViewCell.xib; sourceTree = "<group>"; };
		24F25743263D098000384542 /* ReserveDetail.storyboard */ = {isa = PBXFileReference; lastKnownFileType = file.storyboard; path = ReserveDetail.storyboard; sourceTree = "<group>"; };
		24F25746263D099E00384542 /* ReserveDetailViewController.swift */ = {isa = PBXFileReference; lastKnownFileType = sourcecode.swift; path = ReserveDetailViewController.swift; sourceTree = "<group>"; };
		24F25749263D0C4A00384542 /* CategoryCollectionViewCell.swift */ = {isa = PBXFileReference; lastKnownFileType = sourcecode.swift; path = CategoryCollectionViewCell.swift; sourceTree = "<group>"; };
		24F2574A263D0C4A00384542 /* CategoryCollectionViewCell.xib */ = {isa = PBXFileReference; lastKnownFileType = file.xib; path = CategoryCollectionViewCell.xib; sourceTree = "<group>"; };
		24F2574E263D141E00384542 /* ReservedCollectionViewCell.swift */ = {isa = PBXFileReference; lastKnownFileType = sourcecode.swift; path = ReservedCollectionViewCell.swift; sourceTree = "<group>"; };
		24F2574F263D141E00384542 /* ReservedCollectionViewCell.xib */ = {isa = PBXFileReference; lastKnownFileType = file.xib; path = ReservedCollectionViewCell.xib; sourceTree = "<group>"; };
		24F25754263D218900384542 /* ReserveHeaderCollectionReusableView.swift */ = {isa = PBXFileReference; lastKnownFileType = sourcecode.swift; path = ReserveHeaderCollectionReusableView.swift; sourceTree = "<group>"; };
		24F25755263D218900384542 /* ReserveHeaderCollectionReusableView.xib */ = {isa = PBXFileReference; lastKnownFileType = file.xib; path = ReserveHeaderCollectionReusableView.xib; sourceTree = "<group>"; };
		5B0F0D8E38431363094CB1BA /* Pods_Moai_iOS.framework */ = {isa = PBXFileReference; explicitFileType = wrapper.framework; includeInIndex = 0; path = Pods_Moai_iOS.framework; sourceTree = BUILT_PRODUCTS_DIR; };
		99F6CF31E25082E4447645BE /* Pods-Moai_iOS.release.xcconfig */ = {isa = PBXFileReference; includeInIndex = 1; lastKnownFileType = text.xcconfig; name = "Pods-Moai_iOS.release.xcconfig"; path = "Target Support Files/Pods-Moai_iOS/Pods-Moai_iOS.release.xcconfig"; sourceTree = "<group>"; };
		C500E7C89DAA198CAEA182CC /* Pods-Moai_iOS.debug.xcconfig */ = {isa = PBXFileReference; includeInIndex = 1; lastKnownFileType = text.xcconfig; name = "Pods-Moai_iOS.debug.xcconfig"; path = "Target Support Files/Pods-Moai_iOS/Pods-Moai_iOS.debug.xcconfig"; sourceTree = "<group>"; };
/* End PBXFileReference section */

/* Begin PBXFrameworksBuildPhase section */
		242A31232639482900BCC87C /* Frameworks */ = {
			isa = PBXFrameworksBuildPhase;
			buildActionMask = 2147483647;
			files = (
				8B56229E3B65F1E7002C6057 /* Pods_Moai_iOS.framework in Frameworks */,
			);
			runOnlyForDeploymentPostprocessing = 0;
		};
/* End PBXFrameworksBuildPhase section */

/* Begin PBXGroup section */
		242A311D2639482900BCC87C = {
			isa = PBXGroup;
			children = (
				242A31282639482900BCC87C /* Moai_iOS */,
				242A31272639482900BCC87C /* Products */,
				3E7C69C006862899EAF1870E /* Pods */,
				EC7315F07948F54BF63737A3 /* Frameworks */,
			);
			sourceTree = "<group>";
		};
		242A31272639482900BCC87C /* Products */ = {
			isa = PBXGroup;
			children = (
				242A31262639482900BCC87C /* Moai_iOS.app */,
			);
			name = Products;
			sourceTree = "<group>";
		};
		242A31282639482900BCC87C /* Moai_iOS */ = {
			isa = PBXGroup;
			children = (
				242A313E26394A0800BCC87C /* Resources */,
				242A313F26394A1300BCC87C /* Sources */,
				242A31292639482900BCC87C /* AppDelegate.swift */,
				242A312B2639482900BCC87C /* SceneDelegate.swift */,
			);
			path = Moai_iOS;
			sourceTree = "<group>";
		};
		242A313E26394A0800BCC87C /* Resources */ = {
			isa = PBXGroup;
			children = (
				2459ABEB2639B440009E3A82 /* Colors.xcassets */,
				242A31322639482A00BCC87C /* Assets.xcassets */,
				242A31372639482A00BCC87C /* Info.plist */,
				242A314126394AC500BCC87C /* Storyboards */,
				242A314026394ABF00BCC87C /* Constants */,
			);
			path = Resources;
			sourceTree = "<group>";
		};
		242A313F26394A1300BCC87C /* Sources */ = {
			isa = PBXGroup;
			children = (
				24F25753263D217300384542 /* ReusableView */,
				242A314726394B2B00BCC87C /* ViewControllers */,
				242A314626394B2600BCC87C /* View */,
				242A314526394B1B00BCC87C /* Extensions */,
				242A314426394B1600BCC87C /* Cells */,
				242A314326394B0E00BCC87C /* APIServices */,
				242A314226394B0700BCC87C /* APIModels */,
			);
			path = Sources;
			sourceTree = "<group>";
		};
		242A314026394ABF00BCC87C /* Constants */ = {
			isa = PBXGroup;
			children = (
				2459AC032639C90F009E3A82 /* APPConstants.swift */,
			);
			path = Constants;
			sourceTree = "<group>";
		};
		242A314126394AC500BCC87C /* Storyboards */ = {
			isa = PBXGroup;
			children = (
				242A312F2639482900BCC87C /* Main.storyboard */,
				242A31342639482A00BCC87C /* LaunchScreen.storyboard */,
				2459ABF12639B810009E3A82 /* Home.storyboard */,
				24B3E800263ACA09001AF867 /* ItemDetail.storyboard */,
				24F25743263D098000384542 /* ReserveDetail.storyboard */,
				2449DEDD263D454C004CC0C4 /* MyTown.storyboard */,
				2449DEE0263D4556004CC0C4 /* MyPage.storyboard */,
			);
			path = Storyboards;
			sourceTree = "<group>";
		};
		242A314226394B0700BCC87C /* APIModels */ = {
			isa = PBXGroup;
			children = (
				242A315526394BD400BCC87C /* apimodel.swift */,
			);
			path = APIModels;
			sourceTree = "<group>";
		};
		242A314326394B0E00BCC87C /* APIServices */ = {
			isa = PBXGroup;
			children = (
				242A315226394BCB00BCC87C /* apiservices.swift */,
			);
			path = APIServices;
			sourceTree = "<group>";
		};
		242A314426394B1600BCC87C /* Cells */ = {
			isa = PBXGroup;
			children = (
				2459ABFA2639BDC6009E3A82 /* HomeCollectionViewCell.swift */,
				2459ABFB2639BDC6009E3A82 /* HomeCollectionViewCell.xib */,
				24B3E81C263AF3C6001AF867 /* ImageCollectionViewCell.swift */,
				24B3E81D263AF3C6001AF867 /* ImageCollectionViewCell.xib */,
				24F25749263D0C4A00384542 /* CategoryCollectionViewCell.swift */,
				24F2574A263D0C4A00384542 /* CategoryCollectionViewCell.xib */,
				24F2574E263D141E00384542 /* ReservedCollectionViewCell.swift */,
				24F2574F263D141E00384542 /* ReservedCollectionViewCell.xib */,
			);
			path = Cells;
			sourceTree = "<group>";
		};
		242A314526394B1B00BCC87C /* Extensions */ = {
			isa = PBXGroup;
			children = (
				2459AC002639C4DC009E3A82 /* UIColor+Extension.swift */,
				24B3E7F2263AAE8F001AF867 /* UIImageView+Extension.swift */,
			);
			path = Extensions;
			sourceTree = "<group>";
		};
		242A314626394B2600BCC87C /* View */ = {
			isa = PBXGroup;
			children = (
				242A314826394BB100BCC87C /* view.swift */,
			);
			path = View;
			sourceTree = "<group>";
		};
		242A314726394B2B00BCC87C /* ViewControllers */ = {
			isa = PBXGroup;
			children = (
				242A312D2639482900BCC87C /* ViewController.swift */,
				2459ABF42639B81B009E3A82 /* HomeViewController.swift */,
				24B3E803263ACA13001AF867 /* ItemDetailViewController.swift */,
				24F25746263D099E00384542 /* ReserveDetailViewController.swift */,
				24276F56263D3D9B002B4AB9 /* ReserveProceedingViewController.swift */,
				24276F59263D3DA5002B4AB9 /* ReceivedViewController.swift */,
				2449DEE3263D4585004CC0C4 /* MyTownViewController.swift */,
				2449DEE6263D4591004CC0C4 /* MyPageViewController.swift */,
			);
			path = ViewControllers;
			sourceTree = "<group>";
		};
		24F25753263D217300384542 /* ReusableView */ = {
			isa = PBXGroup;
			children = (
				24F25754263D218900384542 /* ReserveHeaderCollectionReusableView.swift */,
				24F25755263D218900384542 /* ReserveHeaderCollectionReusableView.xib */,
			);
			path = ReusableView;
			sourceTree = "<group>";
		};
		3E7C69C006862899EAF1870E /* Pods */ = {
			isa = PBXGroup;
			children = (
				C500E7C89DAA198CAEA182CC /* Pods-Moai_iOS.debug.xcconfig */,
				99F6CF31E25082E4447645BE /* Pods-Moai_iOS.release.xcconfig */,
			);
			path = Pods;
			sourceTree = "<group>";
		};
		EC7315F07948F54BF63737A3 /* Frameworks */ = {
			isa = PBXGroup;
			children = (
				24B3E814263AE9C0001AF867 /* libsqlite3.tbd */,
				24B3E813263AE9B5001AF867 /* libxml2.tbd */,
				24B3E812263AE9A9001AF867 /* libc++.tbd */,
				24B3E810263AE996001AF867 /* QuartzCore.framework */,
				24B3E80E263AE98D001AF867 /* CoreLocation.framework */,
				24B3E80C263AE983001AF867 /* SystemConfiguration.framework */,
				24B3E80A263AE977001AF867 /* OpenGLES.framework */,
				5B0F0D8E38431363094CB1BA /* Pods_Moai_iOS.framework */,
			);
			name = Frameworks;
			sourceTree = "<group>";
		};
/* End PBXGroup section */

/* Begin PBXNativeTarget section */
		242A31252639482900BCC87C /* Moai_iOS */ = {
			isa = PBXNativeTarget;
			buildConfigurationList = 242A313A2639482A00BCC87C /* Build configuration list for PBXNativeTarget "Moai_iOS" */;
			buildPhases = (
				AF6669ADE470362397784B7F /* [CP] Check Pods Manifest.lock */,
				242A31222639482900BCC87C /* Sources */,
				242A31232639482900BCC87C /* Frameworks */,
				242A31242639482900BCC87C /* Resources */,
				E2B76E15403949878C3C8450 /* [CP] Embed Pods Frameworks */,
			);
			buildRules = (
			);
			dependencies = (
			);
			name = Moai_iOS;
			productName = Moai_iOS;
			productReference = 242A31262639482900BCC87C /* Moai_iOS.app */;
			productType = "com.apple.product-type.application";
		};
/* End PBXNativeTarget section */

/* Begin PBXProject section */
		242A311E2639482900BCC87C /* Project object */ = {
			isa = PBXProject;
			attributes = {
				LastSwiftUpdateCheck = 1240;
				LastUpgradeCheck = 1240;
				TargetAttributes = {
					242A31252639482900BCC87C = {
						CreatedOnToolsVersion = 12.4;
					};
				};
			};
			buildConfigurationList = 242A31212639482900BCC87C /* Build configuration list for PBXProject "Moai_iOS" */;
			compatibilityVersion = "Xcode 9.3";
			developmentRegion = en;
			hasScannedForEncodings = 0;
			knownRegions = (
				en,
				Base,
			);
			mainGroup = 242A311D2639482900BCC87C;
			productRefGroup = 242A31272639482900BCC87C /* Products */;
			projectDirPath = "";
			projectRoot = "";
			targets = (
				242A31252639482900BCC87C /* Moai_iOS */,
			);
		};
/* End PBXProject section */

/* Begin PBXResourcesBuildPhase section */
		242A31242639482900BCC87C /* Resources */ = {
			isa = PBXResourcesBuildPhase;
			buildActionMask = 2147483647;
			files = (
				2459ABEC2639B440009E3A82 /* Colors.xcassets in Resources */,
				2459ABFD2639BDC6009E3A82 /* HomeCollectionViewCell.xib in Resources */,
				24B3E801263ACA09001AF867 /* ItemDetail.storyboard in Resources */,
				2459ABF22639B810009E3A82 /* Home.storyboard in Resources */,
				242A31362639482A00BCC87C /* LaunchScreen.storyboard in Resources */,
				242A31332639482A00BCC87C /* Assets.xcassets in Resources */,
				24F2574C263D0C4A00384542 /* CategoryCollectionViewCell.xib in Resources */,
				24F25757263D218900384542 /* ReserveHeaderCollectionReusableView.xib in Resources */,
				2449DEDE263D454C004CC0C4 /* MyTown.storyboard in Resources */,
				24B3E81F263AF3C6001AF867 /* ImageCollectionViewCell.xib in Resources */,
				24F25744263D098000384542 /* ReserveDetail.storyboard in Resources */,
				2449DEE1263D4556004CC0C4 /* MyPage.storyboard in Resources */,
				242A31312639482900BCC87C /* Main.storyboard in Resources */,
				24F25751263D141E00384542 /* ReservedCollectionViewCell.xib in Resources */,
			);
			runOnlyForDeploymentPostprocessing = 0;
		};
/* End PBXResourcesBuildPhase section */

/* Begin PBXShellScriptBuildPhase section */
		AF6669ADE470362397784B7F /* [CP] Check Pods Manifest.lock */ = {
			isa = PBXShellScriptBuildPhase;
			buildActionMask = 2147483647;
			files = (
			);
			inputFileListPaths = (
			);
			inputPaths = (
				"${PODS_PODFILE_DIR_PATH}/Podfile.lock",
				"${PODS_ROOT}/Manifest.lock",
			);
			name = "[CP] Check Pods Manifest.lock";
			outputFileListPaths = (
			);
			outputPaths = (
				"$(DERIVED_FILE_DIR)/Pods-Moai_iOS-checkManifestLockResult.txt",
			);
			runOnlyForDeploymentPostprocessing = 0;
			shellPath = /bin/sh;
			shellScript = "diff \"${PODS_PODFILE_DIR_PATH}/Podfile.lock\" \"${PODS_ROOT}/Manifest.lock\" > /dev/null\nif [ $? != 0 ] ; then\n    # print error to STDERR\n    echo \"error: The sandbox is not in sync with the Podfile.lock. Run 'pod install' or update your CocoaPods installation.\" >&2\n    exit 1\nfi\n# This output is used by Xcode 'outputs' to avoid re-running this script phase.\necho \"SUCCESS\" > \"${SCRIPT_OUTPUT_FILE_0}\"\n";
			showEnvVarsInLog = 0;
		};
		E2B76E15403949878C3C8450 /* [CP] Embed Pods Frameworks */ = {
			isa = PBXShellScriptBuildPhase;
			buildActionMask = 2147483647;
			files = (
			);
			inputFileListPaths = (
				"${PODS_ROOT}/Target Support Files/Pods-Moai_iOS/Pods-Moai_iOS-frameworks-${CONFIGURATION}-input-files.xcfilelist",
			);
			name = "[CP] Embed Pods Frameworks";
			outputFileListPaths = (
				"${PODS_ROOT}/Target Support Files/Pods-Moai_iOS/Pods-Moai_iOS-frameworks-${CONFIGURATION}-output-files.xcfilelist",
			);
			runOnlyForDeploymentPostprocessing = 0;
			shellPath = /bin/sh;
			shellScript = "\"${PODS_ROOT}/Target Support Files/Pods-Moai_iOS/Pods-Moai_iOS-frameworks.sh\"\n";
			showEnvVarsInLog = 0;
		};
/* End PBXShellScriptBuildPhase section */

/* Begin PBXSourcesBuildPhase section */
		242A31222639482900BCC87C /* Sources */ = {
			isa = PBXSourcesBuildPhase;
			buildActionMask = 2147483647;
			files = (
				24F25756263D218900384542 /* ReserveHeaderCollectionReusableView.swift in Sources */,
				242A314926394BB100BCC87C /* view.swift in Sources */,
				24F2574B263D0C4A00384542 /* CategoryCollectionViewCell.swift in Sources */,
				242A312E2639482900BCC87C /* ViewController.swift in Sources */,
				24B3E81E263AF3C6001AF867 /* ImageCollectionViewCell.swift in Sources */,
				24F25750263D141E00384542 /* ReservedCollectionViewCell.swift in Sources */,
				24B3E804263ACA13001AF867 /* ItemDetailViewController.swift in Sources */,
				242A315326394BCB00BCC87C /* apiservices.swift in Sources */,
				242A315626394BD400BCC87C /* apimodel.swift in Sources */,
				2459ABFC2639BDC6009E3A82 /* HomeCollectionViewCell.swift in Sources */,
				2459ABF52639B81B009E3A82 /* HomeViewController.swift in Sources */,
				24F25747263D099E00384542 /* ReserveDetailViewController.swift in Sources */,
				24276F5A263D3DA5002B4AB9 /* ReceivedViewController.swift in Sources */,
				242A312A2639482900BCC87C /* AppDelegate.swift in Sources */,
				24B3E7F3263AAE8F001AF867 /* UIImageView+Extension.swift in Sources */,
				242A312C2639482900BCC87C /* SceneDelegate.swift in Sources */,
				2449DEE7263D4591004CC0C4 /* MyPageViewController.swift in Sources */,
				2459AC012639C4DC009E3A82 /* UIColor+Extension.swift in Sources */,
				2459AC042639C90F009E3A82 /* APPConstants.swift in Sources */,
				2449DEE4263D4585004CC0C4 /* MyTownViewController.swift in Sources */,
				24276F57263D3D9B002B4AB9 /* ReserveProceedingViewController.swift in Sources */,
			);
			runOnlyForDeploymentPostprocessing = 0;
		};
/* End PBXSourcesBuildPhase section */

/* Begin PBXVariantGroup section */
		242A312F2639482900BCC87C /* Main.storyboard */ = {
			isa = PBXVariantGroup;
			children = (
				242A31302639482900BCC87C /* Base */,
			);
			name = Main.storyboard;
			sourceTree = "<group>";
		};
		242A31342639482A00BCC87C /* LaunchScreen.storyboard */ = {
			isa = PBXVariantGroup;
			children = (
				242A31352639482A00BCC87C /* Base */,
			);
			name = LaunchScreen.storyboard;
			sourceTree = "<group>";
		};
/* End PBXVariantGroup section */

/* Begin XCBuildConfiguration section */
		242A31382639482A00BCC87C /* Debug */ = {
			isa = XCBuildConfiguration;
			buildSettings = {
				ALWAYS_SEARCH_USER_PATHS = NO;
				CLANG_ANALYZER_NONNULL = YES;
				CLANG_ANALYZER_NUMBER_OBJECT_CONVERSION = YES_AGGRESSIVE;
				CLANG_CXX_LANGUAGE_STANDARD = "gnu++14";
				CLANG_CXX_LIBRARY = "libc++";
				CLANG_ENABLE_MODULES = YES;
				CLANG_ENABLE_OBJC_ARC = YES;
				CLANG_ENABLE_OBJC_WEAK = YES;
				CLANG_WARN_BLOCK_CAPTURE_AUTORELEASING = YES;
				CLANG_WARN_BOOL_CONVERSION = YES;
				CLANG_WARN_COMMA = YES;
				CLANG_WARN_CONSTANT_CONVERSION = YES;
				CLANG_WARN_DEPRECATED_OBJC_IMPLEMENTATIONS = YES;
				CLANG_WARN_DIRECT_OBJC_ISA_USAGE = YES_ERROR;
				CLANG_WARN_DOCUMENTATION_COMMENTS = YES;
				CLANG_WARN_EMPTY_BODY = YES;
				CLANG_WARN_ENUM_CONVERSION = YES;
				CLANG_WARN_INFINITE_RECURSION = YES;
				CLANG_WARN_INT_CONVERSION = YES;
				CLANG_WARN_NON_LITERAL_NULL_CONVERSION = YES;
				CLANG_WARN_OBJC_IMPLICIT_RETAIN_SELF = YES;
				CLANG_WARN_OBJC_LITERAL_CONVERSION = YES;
				CLANG_WARN_OBJC_ROOT_CLASS = YES_ERROR;
				CLANG_WARN_QUOTED_INCLUDE_IN_FRAMEWORK_HEADER = YES;
				CLANG_WARN_RANGE_LOOP_ANALYSIS = YES;
				CLANG_WARN_STRICT_PROTOTYPES = YES;
				CLANG_WARN_SUSPICIOUS_MOVE = YES;
				CLANG_WARN_UNGUARDED_AVAILABILITY = YES_AGGRESSIVE;
				CLANG_WARN_UNREACHABLE_CODE = YES;
				CLANG_WARN__DUPLICATE_METHOD_MATCH = YES;
				COPY_PHASE_STRIP = NO;
				DEBUG_INFORMATION_FORMAT = dwarf;
				ENABLE_STRICT_OBJC_MSGSEND = YES;
				ENABLE_TESTABILITY = YES;
				GCC_C_LANGUAGE_STANDARD = gnu11;
				GCC_DYNAMIC_NO_PIC = NO;
				GCC_NO_COMMON_BLOCKS = YES;
				GCC_OPTIMIZATION_LEVEL = 0;
				GCC_PREPROCESSOR_DEFINITIONS = (
					"DEBUG=1",
					"$(inherited)",
				);
				GCC_WARN_64_TO_32_BIT_CONVERSION = YES;
				GCC_WARN_ABOUT_RETURN_TYPE = YES_ERROR;
				GCC_WARN_UNDECLARED_SELECTOR = YES;
				GCC_WARN_UNINITIALIZED_AUTOS = YES_AGGRESSIVE;
				GCC_WARN_UNUSED_FUNCTION = YES;
				GCC_WARN_UNUSED_VARIABLE = YES;
				IPHONEOS_DEPLOYMENT_TARGET = 14.4;
				MTL_ENABLE_DEBUG_INFO = INCLUDE_SOURCE;
				MTL_FAST_MATH = YES;
				ONLY_ACTIVE_ARCH = YES;
				SDKROOT = iphoneos;
				SWIFT_ACTIVE_COMPILATION_CONDITIONS = DEBUG;
				SWIFT_OPTIMIZATION_LEVEL = "-Onone";
			};
			name = Debug;
		};
		242A31392639482A00BCC87C /* Release */ = {
			isa = XCBuildConfiguration;
			buildSettings = {
				ALWAYS_SEARCH_USER_PATHS = NO;
				CLANG_ANALYZER_NONNULL = YES;
				CLANG_ANALYZER_NUMBER_OBJECT_CONVERSION = YES_AGGRESSIVE;
				CLANG_CXX_LANGUAGE_STANDARD = "gnu++14";
				CLANG_CXX_LIBRARY = "libc++";
				CLANG_ENABLE_MODULES = YES;
				CLANG_ENABLE_OBJC_ARC = YES;
				CLANG_ENABLE_OBJC_WEAK = YES;
				CLANG_WARN_BLOCK_CAPTURE_AUTORELEASING = YES;
				CLANG_WARN_BOOL_CONVERSION = YES;
				CLANG_WARN_COMMA = YES;
				CLANG_WARN_CONSTANT_CONVERSION = YES;
				CLANG_WARN_DEPRECATED_OBJC_IMPLEMENTATIONS = YES;
				CLANG_WARN_DIRECT_OBJC_ISA_USAGE = YES_ERROR;
				CLANG_WARN_DOCUMENTATION_COMMENTS = YES;
				CLANG_WARN_EMPTY_BODY = YES;
				CLANG_WARN_ENUM_CONVERSION = YES;
				CLANG_WARN_INFINITE_RECURSION = YES;
				CLANG_WARN_INT_CONVERSION = YES;
				CLANG_WARN_NON_LITERAL_NULL_CONVERSION = YES;
				CLANG_WARN_OBJC_IMPLICIT_RETAIN_SELF = YES;
				CLANG_WARN_OBJC_LITERAL_CONVERSION = YES;
				CLANG_WARN_OBJC_ROOT_CLASS = YES_ERROR;
				CLANG_WARN_QUOTED_INCLUDE_IN_FRAMEWORK_HEADER = YES;
				CLANG_WARN_RANGE_LOOP_ANALYSIS = YES;
				CLANG_WARN_STRICT_PROTOTYPES = YES;
				CLANG_WARN_SUSPICIOUS_MOVE = YES;
				CLANG_WARN_UNGUARDED_AVAILABILITY = YES_AGGRESSIVE;
				CLANG_WARN_UNREACHABLE_CODE = YES;
				CLANG_WARN__DUPLICATE_METHOD_MATCH = YES;
				COPY_PHASE_STRIP = NO;
				DEBUG_INFORMATION_FORMAT = "dwarf-with-dsym";
				ENABLE_NS_ASSERTIONS = NO;
				ENABLE_STRICT_OBJC_MSGSEND = YES;
				GCC_C_LANGUAGE_STANDARD = gnu11;
				GCC_NO_COMMON_BLOCKS = YES;
				GCC_WARN_64_TO_32_BIT_CONVERSION = YES;
				GCC_WARN_ABOUT_RETURN_TYPE = YES_ERROR;
				GCC_WARN_UNDECLARED_SELECTOR = YES;
				GCC_WARN_UNINITIALIZED_AUTOS = YES_AGGRESSIVE;
				GCC_WARN_UNUSED_FUNCTION = YES;
				GCC_WARN_UNUSED_VARIABLE = YES;
				IPHONEOS_DEPLOYMENT_TARGET = 14.4;
				MTL_ENABLE_DEBUG_INFO = NO;
				MTL_FAST_MATH = YES;
				SDKROOT = iphoneos;
				SWIFT_COMPILATION_MODE = wholemodule;
				SWIFT_OPTIMIZATION_LEVEL = "-O";
				VALIDATE_PRODUCT = YES;
			};
			name = Release;
		};
		242A313B2639482A00BCC87C /* Debug */ = {
			isa = XCBuildConfiguration;
			baseConfigurationReference = C500E7C89DAA198CAEA182CC /* Pods-Moai_iOS.debug.xcconfig */;
			buildSettings = {
				ASSETCATALOG_COMPILER_APPICON_NAME = AppIcon;
				ASSETCATALOG_COMPILER_GLOBAL_ACCENT_COLOR_NAME = AccentColor;
				CODE_SIGN_STYLE = Automatic;
				INFOPLIST_FILE = Moai_iOS/Resources/Info.plist;
				LD_RUNPATH_SEARCH_PATHS = (
					"$(inherited)",
					"@executable_path/Frameworks",
				);
				PRODUCT_BUNDLE_IDENTIFIER = "Moai.Moai-iOS";
				PRODUCT_NAME = "$(TARGET_NAME)";
				SWIFT_VERSION = 5.0;
				TARGETED_DEVICE_FAMILY = "1,2";
			};
			name = Debug;
		};
		242A313C2639482A00BCC87C /* Release */ = {
			isa = XCBuildConfiguration;
			baseConfigurationReference = 99F6CF31E25082E4447645BE /* Pods-Moai_iOS.release.xcconfig */;
			buildSettings = {
				ASSETCATALOG_COMPILER_APPICON_NAME = AppIcon;
				ASSETCATALOG_COMPILER_GLOBAL_ACCENT_COLOR_NAME = AccentColor;
				CODE_SIGN_STYLE = Automatic;
				INFOPLIST_FILE = Moai_iOS/Resources/Info.plist;
				LD_RUNPATH_SEARCH_PATHS = (
					"$(inherited)",
					"@executable_path/Frameworks",
				);
				PRODUCT_BUNDLE_IDENTIFIER = "Moai.Moai-iOS";
				PRODUCT_NAME = "$(TARGET_NAME)";
				SWIFT_VERSION = 5.0;
				TARGETED_DEVICE_FAMILY = "1,2";
			};
			name = Release;
		};
/* End XCBuildConfiguration section */

/* Begin XCConfigurationList section */
		242A31212639482900BCC87C /* Build configuration list for PBXProject "Moai_iOS" */ = {
			isa = XCConfigurationList;
			buildConfigurations = (
				242A31382639482A00BCC87C /* Debug */,
				242A31392639482A00BCC87C /* Release */,
			);
			defaultConfigurationIsVisible = 0;
			defaultConfigurationName = Release;
		};
		242A313A2639482A00BCC87C /* Build configuration list for PBXNativeTarget "Moai_iOS" */ = {
			isa = XCConfigurationList;
			buildConfigurations = (
				242A313B2639482A00BCC87C /* Debug */,
				242A313C2639482A00BCC87C /* Release */,
			);
			defaultConfigurationIsVisible = 0;
			defaultConfigurationName = Release;
		};
/* End XCConfigurationList section */
	};
	rootObject = 242A311E2639482900BCC87C /* Project object */;
}
